
Microsoft Visual Studio Solution File, Format Version 12.00
# Visual Studio 15
Project("{FAE04EC0-301F-11D3-BF4B-00C04F79EFBC}") = "Ten(5.4.2f2).Plugins", "Ten(5.4.2f2).Plugins.csproj", "{1047954C-E2F7-E140-3B7A-413DF8BB030F}"
EndProject
Project("{FAE04EC0-301F-11D3-BF4B-00C04F79EFBC}") = "Ten(5.4.2f2)", "Ten(5.4.2f2).csproj", "{2CD8E440-A68C-6F28-9DD0-CBDD42232052}"
EndProject
Global
	GlobalSection(SolutionConfigurationPlatforms) = preSolution
		Debug|Any CPU = Debug|Any CPU
		Release|Any CPU = Release|Any CPU
	EndGlobalSection
	GlobalSection(ProjectConfigurationPlatforms) = postSolution
		{1047954C-E2F7-E140-3B7A-413DF8BB030F}.Debug|Any CPU.ActiveCfg = Debug|Any CPU
		{1047954C-E2F7-E140-3B7A-413DF8BB030F}.Debug|Any CPU.Build.0 = Debug|Any CPU
		{1047954C-E2F7-E140-3B7A-413DF8BB030F}.Release|Any CPU.ActiveCfg = Release|Any CPU
		{1047954C-E2F7-E140-3B7A-413DF8BB030F}.Release|Any CPU.Build.0 = Release|Any CPU
		{2CD8E440-A68C-6F28-9DD0-CBDD42232052}.Debug|Any CPU.ActiveCfg = Debug|Any CPU
		{2CD8E440-A68C-6F28-9DD0-CBDD42232052}.Debug|Any CPU.Build.0 = Debug|Any CPU
		{2CD8E440-A68C-6F28-9DD0-CBDD42232052}.Release|Any CPU.ActiveCfg = Release|Any CPU
		{2CD8E440-A68C-6F28-9DD0-CBDD42232052}.Release|Any CPU.Build.0 = Release|Any CPU
	EndGlobalSection
	GlobalSection(SolutionProperties) = preSolution
		HideSolutionNode = FALSE
	EndGlobalSection
EndGlobal
